
Microsoft Visual Studio Solution File, Format Version 12.00
# Visual Studio Version 16
VisualStudioVersion = 16.0.29613.14
MinimumVisualStudioVersion = 10.0.40219.1
Project("{FAE04EC0-301F-11D3-BF4B-00C04F79EFBC}") = "PruebasExecuteActionWithJquerry", "PruebasExecuteActionWithJquerry.csproj", "{0E1AA251-9F2F-4847-BC18-12704668C695}"
EndProject
Global
	GlobalSection(SolutionConfigurationPlatforms) = preSolution
		Debug|Any CPU = Debug|Any CPU
		Release|Any CPU = Release|Any CPU
	EndGlobalSection
	GlobalSection(ProjectConfigurationPlatforms) = postSolution
		{0E1AA251-9F2F-4847-BC18-12704668C695}.Debug|Any CPU.ActiveCfg = Debug|Any CPU
		{0E1AA251-9F2F-4847-BC18-12704668C695}.Debug|Any CPU.Build.0 = Debug|Any CPU
		{0E1AA251-9F2F-4847-BC18-12704668C695}.Release|Any CPU.ActiveCfg = Release|Any CPU
		{0E1AA251-9F2F-4847-BC18-12704668C695}.Release|Any CPU.Build.0 = Release|Any CPU
	EndGlobalSection
	GlobalSection(SolutionProperties) = preSolution
		HideSolutionNode = FALSE
	EndGlobalSection
	GlobalSection(ExtensibilityGlobals) = postSolution
		SolutionGuid = {8CF066DA-2F4B-4F26-84C5-D84D66FCE4E2}
	EndGlobalSection
EndGlobal
